hash: 3441bf6ff6d443d7e65fcdfc4f1d1b67e506cee012ed3b4901bbe2aab9890aa9
updated: 2017-07-02T14:59:47.280397916+05:30
imports:
- name: github.com/auth0-samples/auth0-golang-web-app
  version: 37b6679f7253db55578cb348f3830b8d388ca79d
  subpackages:
  - 01-Login/app
  - 01-Login/routes
  - 01-Login/routes/callback
  - 01-Login/routes/home
  - 01-Login/routes/middlewares
  - 01-Login/routes/user
- name: github.com/codegangsta/negroni
  version: c7477ad8e330bef55bf1ebe300cf8aa67c492d1b
- name: github.com/golang/protobuf
  version: 8ee79997227bf9b34611aee7946ae64735e6fd93
  subpackages:
  - proto
- name: github.com/gorilla/context
  version: 08b5f424b9271eedf6f9f0ce86cb9396ed337a42
- name: github.com/gorilla/mux
  version: 757bef944d0f21880861c2dd9c871ca543023cba
- name: github.com/gorilla/securecookie
  version: e59506cc896acb7f7bf732d4fdf5e25f7ccd8983
- name: github.com/gorilla/sessions
  version: 8b6b4cd75f07f7ee036eb37b8127bd40ab1efc49
- name: github.com/joho/godotenv
  version: 325433c502d409f3c3dc820098fb0cfe38d98dc7
- name: golang.org/x/net
  version: 236b8f043b920452504e263bc21d354427127473
  subpackages:
  - context
- name: golang.org/x/oauth2
  version: f047394b6d14284165300fd82dad67edb3a4d7f6
  subpackages:
  - internal
- name: google.golang.org/appengine
  version: d11fc8a8dccf41ab5bd3c51a3ea52051240e325c
  subpackages:
  - internal
  - internal/base
  - internal/datastore
  - internal/log
  - internal/remote_api
  - internal/urlfetch
  - urlfetch
testImports: []
